// !$*UTF8*$!
{
	archiveVersion = 1;
	classes = {
	};
	objectVersion = 46;
	objects = {

/* Begin PBXBuildFile section */
		53E2D2721E88E24000ACAFD8 /* AppDelegate.swift in Sources */ = {isa = PBXBuildFile; fileRef = 53E2D2711E88E24000ACAFD8 /* AppDelegate.swift */; };
		53E2D2741E88E24000ACAFD8 /* Assets.xcassets in Resources */ = {isa = PBXBuildFile; fileRef = 53E2D2731E88E24000ACAFD8 /* Assets.xcassets */; };
		53E2D2771E88E24100ACAFD8 /* MainMenu.xib in Resources */ = {isa = PBXBuildFile; fileRef = 53E2D2751E88E24100ACAFD8 /* MainMenu.xib */; };
		53E2D27F1E88EC4700ACAFD8 /* StatusMenuController.swift in Sources */ = {isa = PBXBuildFile; fileRef = 53E2D27E1E88EC4700ACAFD8 /* StatusMenuController.swift */; };
/* End PBXBuildFile section */

/* Begin PBXFileReference section */
		53E2D26E1E88E24000ACAFD8 /* TomatoWeb.app */ = {isa = PBXFileReference; explicitFileType = wrapper.application; includeInIndex = 0; path = TomatoWeb.app; sourceTree = BUILT_PRODUCTS_DIR; };
		53E2D2711E88E24000ACAFD8 /* AppDelegate.swift */ = {isa = PBXFileReference; lastKnownFileType = sourcecode.swift; path = AppDelegate.swift; sourceTree = "<group>"; };
		53E2D2731E88E24000ACAFD8 /* Assets.xcassets */ = {isa = PBXFileReference; lastKnownFileType = folder.assetcatalog; path = Assets.xcassets; sourceTree = "<group>"; };
		53E2D2761E88E24100ACAFD8 /* Base */ = {isa = PBXFileReference; lastKnownFileType = file.xib; name = Base; path = Base.lproj/MainMenu.xib; sourceTree = "<group>"; };
		53E2D2781E88E24100ACAFD8 /* Info.plist */ = {isa = PBXFileReference; lastKnownFileType = text.plist.xml; path = Info.plist; sourceTree = "<group>"; };
		53E2D27E1E88EC4700ACAFD8 /* StatusMenuController.swift */ = {isa = PBXFileReference; fileEncoding = 4; lastKnownFileType = sourcecode.swift; path = StatusMenuController.swift; sourceTree = "<group>"; };
/* End PBXFileReference section */

/* Begin PBXFrameworksBuildPhase section */
		53E2D26B1E88E24000ACAFD8 /* Frameworks */ = {
			isa = PBXFrameworksBuildPhase;
			buildActionMask = 2147483647;
			files = (
			);
			runOnlyForDeploymentPostprocessing = 0;
		};
/* End PBXFrameworksBuildPhase section */

/* Begin PBXGroup section */
		53E2D2651E88E24000ACAFD8 = {
			isa = PBXGroup;
			children = (
				53E2D2701E88E24000ACAFD8 /* TomatoWeb */,
				53E2D26F1E88E24000ACAFD8 /* Products */,
			);
			sourceTree = "<group>";
		};
		53E2D26F1E88E24000ACAFD8 /* Products */ = {
			isa = PBXGroup;
			children = (
				53E2D26E1E88E24000ACAFD8 /* TomatoWeb.app */,
			);
			name = Products;
			sourceTree = "<group>";
		};
		53E2D2701E88E24000ACAFD8 /* TomatoWeb */ = {
			isa = PBXGroup;
			children = (
				53E2D2711E88E24000ACAFD8 /* AppDelegate.swift */,
				53E2D2731E88E24000ACAFD8 /* Assets.xcassets */,
				53E2D2751E88E24100ACAFD8 /* MainMenu.xib */,
				53E2D27E1E88EC4700ACAFD8 /* StatusMenuController.swift */,
				53E2D2781E88E24100ACAFD8 /* Info.plist */,
			);
			path = TomatoWeb;
			sourceTree = "<group>";
		};
/* End PBXGroup section */

/* Begin PBXNativeTarget section */
		53E2D26D1E88E24000ACAFD8 /* TomatoWeb */ = {
			isa = PBXNativeTarget;
			buildConfigurationList = 53E2D27B1E88E24100ACAFD8 /* Build configuration list for PBXNativeTarget "TomatoWeb" */;
			buildPhases = (
				53E2D26A1E88E24000ACAFD8 /* Sources */,
				53E2D26B1E88E24000ACAFD8 /* Frameworks */,
				53E2D26C1E88E24000ACAFD8 /* Resources */,
			);
			buildRules = (
			);
			dependencies = (
			);
			name = TomatoWeb;
			productName = TomatoWeb;
			productReference = 53E2D26E1E88E24000ACAFD8 /* TomatoWeb.app */;
			productType = "com.apple.product-type.application";
		};
/* End PBXNativeTarget section */

/* Begin PBXProject section */
		53E2D2661E88E24000ACAFD8 /* Project object */ = {
			isa = PBXProject;
			attributes = {
				LastSwiftUpdateCheck = 0820;
				LastUpgradeCheck = 0820;
				ORGANIZATIONNAME = Lookis;
				TargetAttributes = {
					53E2D26D1E88E24000ACAFD8 = {
						CreatedOnToolsVersion = 8.2.1;
						DevelopmentTeam = TV7X9S92KX;
						ProvisioningStyle = Automatic;
					};
				};
			};
			buildConfigurationList = 53E2D2691E88E24000ACAFD8 /* Build configuration list for PBXProject "TomatoWeb" */;
			compatibilityVersion = "Xcode 3.2";
			developmentRegion = English;
			hasScannedForEncodings = 0;
			knownRegions = (
				en,
				Base,
			);
			mainGroup = 53E2D2651E88E24000ACAFD8;
			productRefGroup = 53E2D26F1E88E24000ACAFD8 /* Products */;
			projectDirPath = "";
			projectRoot = "";
			targets = (
				53E2D26D1E88E24000ACAFD8 /* TomatoWeb */,
			);
		};
/* End PBXProject section */

/* Begin PBXResourcesBuildPhase section */
		53E2D26C1E88E24000ACAFD8 /* Resources */ = {
			isa = PBXResourcesBuildPhase;
			buildActionMask = 2147483647;
			files = (
				53E2D2741E88E24000ACAFD8 /* Assets.xcassets in Resources */,
				53E2D2771E88E24100ACAFD8 /* MainMenu.xib in Resources */,
			);
			runOnlyForDeploymentPostprocessing = 0;
		};
/* End PBXResourcesBuildPhase section */

/* Begin PBXSourcesBuildPhase section */
		53E2D26A1E88E24000ACAFD8 /* Sources */ = {
			isa = PBXSourcesBuildPhase;
			buildActionMask = 2147483647;
			files = (
				53E2D27F1E88EC4700ACAFD8 /* StatusMenuController.swift in Sources */,
				53E2D2721E88E24000ACAFD8 /* AppDelegate.swift in Sources */,
			);
			runOnlyForDeploymentPostprocessing = 0;
		};
/* End PBXSourcesBuildPhase section */

/* Begin PBXVariantGroup section */
		53E2D2751E88E24100ACAFD8 /* MainMenu.xib */ = {
			isa = PBXVariantGroup;
			children = (
				53E2D2761E88E24100ACAFD8 /* Base */,
			);
			name = MainMenu.xib;
			sourceTree = "<group>";
		};
/* End PBXVariantGroup section */

/* Begin XCBuildConfiguration section */
		53E2D2791E88E24100ACAFD8 /* Debug */ = {
			isa = XCBuildConfiguration;
			buildSettings = {
				ALWAYS_SEARCH_USER_PATHS = NO;
				CLANG_ANALYZER_NONNULL = YES;
				CLANG_CXX_LANGUAGE_STANDARD = "gnu++0x";
				CLANG_CXX_LIBRARY = "libc++";
				CLANG_ENABLE_MODULES = YES;
				CLANG_ENABLE_OBJC_ARC = YES;
				CLANG_WARN_BOOL_CONVERSION = YES;
				CLANG_WARN_CONSTANT_CONVERSION = YES;
				CLANG_WARN_DIRECT_OBJC_ISA_USAGE = YES_ERROR;
				CLANG_WARN_DOCUMENTATION_COMMENTS = YES;
				CLANG_WARN_EMPTY_BODY = YES;
				CLANG_WARN_ENUM_CONVERSION = YES;
				CLANG_WARN_INFINITE_RECURSION = YES;
				CLANG_WARN_INT_CONVERSION = YES;
				CLANG_WARN_OBJC_ROOT_CLASS = YES_ERROR;
				CLANG_WARN_SUSPICIOUS_MOVE = YES;
				CLANG_WARN_UNREACHABLE_CODE = YES;
				CLANG_WARN__DUPLICATE_METHOD_MATCH = YES;
				CODE_SIGN_IDENTITY = "-";
				COPY_PHASE_STRIP = NO;
				DEBUG_INFORMATION_FORMAT = dwarf;
				ENABLE_STRICT_OBJC_MSGSEND = YES;
				ENABLE_TESTABILITY = YES;
				GCC_C_LANGUAGE_STANDARD = gnu99;
				GCC_DYNAMIC_NO_PIC = NO;
				GCC_NO_COMMON_BLOCKS = YES;
				GCC_OPTIMIZATION_LEVEL = 0;
				GCC_PREPROCESSOR_DEFINITIONS = (
					"DEBUG=1",
					"$(inherited)",
				);
				GCC_WARN_64_TO_32_BIT_CONVERSION = YES;
				GCC_WARN_ABOUT_RETURN_TYPE = YES_ERROR;
				GCC_WARN_UNDECLARED_SELECTOR = YES;
				GCC_WARN_UNINITIALIZED_AUTOS = YES_AGGRESSIVE;
				GCC_WARN_UNUSED_FUNCTION = YES;
				GCC_WARN_UNUSED_VARIABLE = YES;
				MACOSX_DEPLOYMENT_TARGET = 10.12;
				MTL_ENABLE_DEBUG_INFO = YES;
				ONLY_ACTIVE_ARCH = YES;
				SDKROOT = macosx;
				SWIFT_ACTIVE_COMPILATION_CONDITIONS = DEBUG;
				SWIFT_OPTIMIZATION_LEVEL = "-Onone";
			};
			name = Debug;
		};
		53E2D27A1E88E24100ACAFD8 /* Release */ = {
			isa = XCBuildConfiguration;
			buildSettings = {
				ALWAYS_SEARCH_USER_PATHS = NO;
				CLANG_ANALYZER_NONNULL = YES;
				CLANG_CXX_LANGUAGE_STANDARD = "gnu++0x";
				CLANG_CXX_LIBRARY = "libc++";
				CLANG_ENABLE_MODULES = YES;
				CLANG_ENABLE_OBJC_ARC = YES;
				CLANG_WARN_BOOL_CONVERSION = YES;
				CLANG_WARN_CONSTANT_CONVERSION = YES;
				CLANG_WARN_DIRECT_OBJC_ISA_USAGE = YES_ERROR;
				CLANG_WARN_DOCUMENTATION_COMMENTS = YES;
				CLANG_WARN_EMPTY_BODY = YES;
				CLANG_WARN_ENUM_CONVERSION = YES;
				CLANG_WARN_INFINITE_RECURSION = YES;
				CLANG_WARN_INT_CONVERSION = YES;
				CLANG_WARN_OBJC_ROOT_CLASS = YES_ERROR;
				CLANG_WARN_SUSPICIOUS_MOVE = YES;
				CLANG_WARN_UNREACHABLE_CODE = YES;
				CLANG_WARN__DUPLICATE_METHOD_MATCH = YES;
				CODE_SIGN_IDENTITY = "-";
				COPY_PHASE_STRIP = NO;
				DEBUG_INFORMATION_FORMAT = "dwarf-with-dsym";
				ENABLE_NS_ASSERTIONS = NO;
				ENABLE_STRICT_OBJC_MSGSEND = YES;
				GCC_C_LANGUAGE_STANDARD = gnu99;
				GCC_NO_COMMON_BLOCKS = YES;
				GCC_WARN_64_TO_32_BIT_CONVERSION = YES;
				GCC_WARN_ABOUT_RETURN_TYPE = YES_ERROR;
				GCC_WARN_UNDECLARED_SELECTOR = YES;
				GCC_WARN_UNINITIALIZED_AUTOS = YES_AGGRESSIVE;
				GCC_WARN_UNUSED_FUNCTION = YES;
				GCC_WARN_UNUSED_VARIABLE = YES;
				MACOSX_DEPLOYMENT_TARGET = 10.12;
				MTL_ENABLE_DEBUG_INFO = NO;
				SDKROOT = macosx;
				SWIFT_OPTIMIZATION_LEVEL = "-Owholemodule";
			};
			name = Release;
		};
		53E2D27C1E88E24100ACAFD8 /* Debug */ = {
			isa = XCBuildConfiguration;
			buildSettings = {
				ASSETCATALOG_COMPILER_APPICON_NAME = AppIcon;
				COMBINE_HIDPI_IMAGES = YES;
				DEVELOPMENT_TEAM = TV7X9S92KX;
				INFOPLIST_FILE = TomatoWeb/Info.plist;
				LD_RUNPATH_SEARCH_PATHS = "$(inherited) @executable_path/../Frameworks";
				PRODUCT_BUNDLE_IDENTIFIER = me.lookis.TomatoWeb;
				PRODUCT_NAME = "$(TARGET_NAME)";
				SWIFT_VERSION = 3.0;
			};
			name = Debug;
		};
		53E2D27D1E88E24100ACAFD8 /* Release */ = {
			isa = XCBuildConfiguration;
			buildSettings = {
				ASSETCATALOG_COMPILER_APPICON_NAME = AppIcon;
				COMBINE_HIDPI_IMAGES = YES;
				DEVELOPMENT_TEAM = TV7X9S92KX;
				INFOPLIST_FILE = TomatoWeb/Info.plist;
				LD_RUNPATH_SEARCH_PATHS = "$(inherited) @executable_path/../Frameworks";
				PRODUCT_BUNDLE_IDENTIFIER = me.lookis.TomatoWeb;
				PRODUCT_NAME = "$(TARGET_NAME)";
				SWIFT_VERSION = 3.0;
			};
			name = Release;
		};
/* End XCBuildConfiguration section */

/* Begin XCConfigurationList section */
		53E2D2691E88E24000ACAFD8 /* Build configuration list for PBXProject "TomatoWeb" */ = {
			isa = XCConfigurationList;
			buildConfigurations = (
				53E2D2791E88E24100ACAFD8 /* Debug */,
				53E2D27A1E88E24100ACAFD8 /* Release */,
			);
			defaultConfigurationIsVisible = 0;
			defaultConfigurationName = Release;
		};
		53E2D27B1E88E24100ACAFD8 /* Build configuration list for PBXNativeTarget "TomatoWeb" */ = {
			isa = XCConfigurationList;
			buildConfigurations = (
				53E2D27C1E88E24100ACAFD8 /* Debug */,
				53E2D27D1E88E24100ACAFD8 /* Release */,
			);
			defaultConfigurationIsVisible = 0;
		};
/* End XCConfigurationList section */
	};
	rootObject = 53E2D2661E88E24000ACAFD8 /* Project object */;
}
